
Microsoft Visual Studio Solution File, Format Version 12.00
# Visual Studio 15
VisualStudioVersion = 15.0.27004.2008
MinimumVisualStudioVersion = 10.0.40219.1
Project("{FAE04EC0-301F-11D3-BF4B-00C04F79EFBC}") = "SanWeb", "SanWeb\SanWeb.csproj", "{1811FE2A-4120-4CEA-BA64-834C227AA940}"
EndProject
Global
	GlobalSection(SolutionConfigurationPlatforms) = preSolution
		Debug|Any CPU = Debug|Any CPU
		Release|Any CPU = Release|Any CPU
	EndGlobalSection
	GlobalSection(ProjectConfigurationPlatforms) = postSolution
		{1811FE2A-4120-4CEA-BA64-834C227AA940}.Debug|Any CPU.ActiveCfg = Debug|Any CPU
		{1811FE2A-4120-4CEA-BA64-834C227AA940}.Debug|Any CPU.Build.0 = Debug|Any CPU
		{1811FE2A-4120-4CEA-BA64-834C227AA940}.Release|Any CPU.ActiveCfg = Release|Any CPU
		{1811FE2A-4120-4CEA-BA64-834C227AA940}.Release|Any CPU.Build.0 = Release|Any CPU
	EndGlobalSection
	GlobalSection(SolutionProperties) = preSolution
		HideSolutionNode = FALSE
	EndGlobalSection
	GlobalSection(ExtensibilityGlobals) = postSolution
		SolutionGuid = {94716E84-A745-4878-BAA9-5EDCD30135CC}
	EndGlobalSection
EndGlobal
